{
  "object": {
    "pins": [
      {
        "package": "Socket",
        "repositoryURL": "https://github.com/IBM-Swift/BlueSocket",
        "state": {
          "branch": null,
          "revision": "15ad09461f19a993fe5efb0e42b323adafc3533d",
          "version": "0.12.83"
        }
      }
    ]
  },
  "version": 1
}
