{
  "object": {
    "pins": [
      {
        "package": "Socket",
        "repositoryURL": "https://github.com/IBM-Swift/BlueSocket",
        "state": {
          "branch": null,
          "revision": "15ad09461f19a993fe5efb0e42b323adafc3533d",
          "version": "0.12.83"
        }
      },
      {
        "package": "SwiftPM",
        "repositoryURL": "https://github.com/apple/swift-package-manager.git",
        "state": {
          "branch": null,
          "revision": "90abb3c4c9415afee34291e66e655c58a1902784",
          "version": "0.1.0"
        }
      },
      {
        "package": "SwiftyBeaver",
        "repositoryURL": "https://github.com/SwiftyBeaver/SwiftyBeaver.git",
        "state": {
          "branch": null,
          "revision": "2d11db3282ee884bfc37df53677b5fef2def2849",
          "version": "1.5.2"
        }
      }
    ]
  },
  "version": 1
}
